PODS:
  - Alamofire (4.7.2)
  - couchbase-lite-ios (1.4.1):
    - couchbase-lite-ios/SQLite (= 1.4.1)
  - couchbase-lite-ios/SQLite (1.4.1)
  - Crashlytics (3.10.2):
    - Fabric (~> 1.7.7)
  - EmitterKit (5.2.0)
  - Eureka (4.1.1)
  - Fabric (1.7.7)
  - Hakuba (2.1.1)
  - IDZSwiftCommonCrypto (0.12.1)
  - KeychainSwift (8.0.3)
  - ObjcExceptionBridging (1.0.1):
    - ObjcExceptionBridging/ObjcExceptionBridging (= 1.0.1)
  - ObjcExceptionBridging/ObjcExceptionBridging (1.0.1)
  - ObjectMapper (3.4.0)
  - PKHUD (4.2.3)
  - PromiseKit (4.5.2):
    - PromiseKit/Foundation (= 4.5.2)
    - PromiseKit/QuartzCore (= 4.5.2)
    - PromiseKit/UIKit (= 4.5.2)
  - PromiseKit/CorePromise (4.5.2)
  - PromiseKit/Foundation (4.5.2):
    - PromiseKit/CorePromise
  - PromiseKit/QuartzCore (4.5.2):
    - PromiseKit/CorePromise
  - PromiseKit/UIKit (4.5.2):
    - PromiseKit/CorePromise
  - ReachabilitySwift (3)
  - ResearchKit (1.5.2)
  - SwiftValidator (4.0.0)
  - XCGLogger (7.0.0):
    - XCGLogger/Core (= 7.0.0)
  - XCGLogger/Core (7.0.0):
    - ObjcExceptionBridging
  - XLActionController (4.0.1):
    - XLActionController/Core (= 4.0.1)
  - XLActionController/Core (4.0.1)

DEPENDENCIES:
  - Alamofire (~> 4.5)
  - couchbase-lite-ios
  - Crashlytics (~> 3.4)
  - EmitterKit (~> 5.1)
  - Eureka
  - Hakuba (from `https://github.com/eskizyen/Hakuba.git`, branch `Swift3`)
  - IDZSwiftCommonCrypto (~> 0.9)
  - KeychainSwift (~> 8.0)
  - ObjectMapper (from `https://github.com/Hearst-DD/ObjectMapper.git`, branch `master`)
  - PKHUD (from `https://github.com/pkluz/PKHUD.git`, branch `swift4`)
  - PromiseKit
  - ReachabilitySwift (~> 3)
  - ResearchKit
  - SwiftValidator (from `https://github.com/jpotts18/SwiftValidator.git`, branch `master`)
  - XCGLogger (~> 7.0.0)
  - XLActionController

SPEC REPOS:
  https://github.com/cocoapods/specs.git:
    - Alamofire
    - couchbase-lite-ios
    - Crashlytics
    - EmitterKit
    - Eureka
    - Fabric
    - IDZSwiftCommonCrypto
    - KeychainSwift
    - ObjcExceptionBridging
    - PromiseKit
    - ReachabilitySwift
    - ResearchKit
    - XCGLogger
    - XLActionController

EXTERNAL SOURCES:
  Hakuba:
    :branch: Swift3
    :git: https://github.com/eskizyen/Hakuba.git
  ObjectMapper:
    :branch: master
    :git: https://github.com/Hearst-DD/ObjectMapper.git
  PKHUD:
    :branch: swift4
    :git: https://github.com/pkluz/PKHUD.git
  SwiftValidator:
    :branch: master
    :git: https://github.com/jpotts18/SwiftValidator.git

CHECKOUT OPTIONS:
  Hakuba:
    :commit: 9d748747369671e162b4f088402eacbfa997121a
    :git: https://github.com/eskizyen/Hakuba.git
  ObjectMapper:
    :commit: 646f305426e8f3b87d61b9eb9745efbf296ede6f
    :git: https://github.com/Hearst-DD/ObjectMapper.git
  PKHUD:
    :commit: 4d8fbf70ae912dd72280cde0a5c1440ada9a7306
    :git: https://github.com/pkluz/PKHUD.git
  SwiftValidator:
    :commit: ba27b0e501bf542b5c1a97bed8f706d12fb2d4f4
    :git: https://github.com/jpotts18/SwiftValidator.git

SPEC CHECKSUMS:
  Alamofire: e4fa87002c137ba2d8d634d2c51fabcda0d5c223
  couchbase-lite-ios: 7c875538a0fc55a7e9744edb4e89c23737686230
  Crashlytics: 0360624eea1c978a743feddb2fb1ef8b37fb7a0d
  EmitterKit: c3948fb82c4cdb11d9019c13d374e7f22188537e
  Eureka: b88fb930e42c79f8c03c373d0fcdc28c1d6c50ed
  Fabric: bda89e242bce1b7b8ab264248cf3407774ce0095
  Hakuba: bc5a0422290d086c33a6424a26dd58c1a1136e94
  IDZSwiftCommonCrypto: 24ded86c927e95a5d09eda0c2d76070a0c80b169
  KeychainSwift: be9554c0e5f4b1686c775930dc5c6bd9396992ed
  ObjcExceptionBridging: c30e00eb3700467e695faeea30e26e18bd445001
  ObjectMapper: 7a328925cbc858e25fefecaeda552dda8a33511d
  PKHUD: 351011b853e6b942e7ee8ad335864cc84c787241
  PromiseKit: 743e497a5f505a470d3bbbf4ce0663c1268af0a4
  ReachabilitySwift: f5b9bb30a0777fac8f09ce8b067e32faeb29bb64
  ResearchKit: a5770681dd61afddd3d1f24d232b9abf00cba454
  SwiftValidator: 25ded5ca1f10c05adf57f6ac82a72d28ac8d91af
  XCGLogger: 0434f15e3909cdc450bb63faf638b8792ab782ab
  XLActionController: 007868251c0eed70d649d06c1625259b73b3a600

PODFILE CHECKSUM: 57d55b5849ad9012d702adb604749360fbbade7c

COCOAPODS: 1.7.2
