PODS:
  - Alamofire (4.9.1)
  - couchbase-lite-ios (1.4.4):
    - couchbase-lite-ios/SQLite (= 1.4.4)
  - couchbase-lite-ios/SQLite (1.4.4)
  - Crashlytics (3.14.0):
    - Fabric (~> 1.10.2)
  - EmitterKit (5.2.2)
  - Eureka (5.2.0)
  - Fabric (1.10.2)
  - Hakuba (2.1.1)
  - IDZSwiftCommonCrypto (0.13.0)
  - KeychainSwift (8.0.3)
  - ObjcExceptionBridging (1.0.1):
    - ObjcExceptionBridging/ObjcExceptionBridging (= 1.0.1)
  - ObjcExceptionBridging/ObjcExceptionBridging (1.0.1)
  - ObjectMapper (3.5.2)
  - PKHUD (4.2.3)
  - PromiseKit (6.13.1):
    - PromiseKit/CorePromise (= 6.13.1)
    - PromiseKit/Foundation (= 6.13.1)
    - PromiseKit/UIKit (= 6.13.1)
  - PromiseKit/CorePromise (6.13.1)
  - PromiseKit/Foundation (6.13.1):
    - PromiseKit/CorePromise
  - PromiseKit/UIKit (6.13.1):
    - PromiseKit/CorePromise
  - ReachabilitySwift (3)
  - ResearchKit (1.5.2)
  - SwiftValidator (4.0.0)
  - XCGLogger (7.0.1):
    - XCGLogger/Core (= 7.0.1)
  - XCGLogger/Core (7.0.1):
    - ObjcExceptionBridging
  - XLActionController (5.0.2):
    - XLActionController/Core (= 5.0.2)
  - XLActionController/Core (5.0.2)

DEPENDENCIES:
  - Alamofire (~> 4.5)
  - couchbase-lite-ios
  - Crashlytics (~> 3.4)
  - EmitterKit (~> 5.1)
  - Eureka
  - Hakuba (from `https://github.com/eskizyen/Hakuba.git`, branch `Swift3`)
  - IDZSwiftCommonCrypto (~> 0.13.0)
  - KeychainSwift (~> 8.0)
  - ObjectMapper (from `https://github.com/Hearst-DD/ObjectMapper.git`, branch `master`)
  - PKHUD (from `https://github.com/pkluz/PKHUD.git`, branch `swift4`)
  - PromiseKit (~> 6)
  - ReachabilitySwift (~> 3)
  - ResearchKit
  - SwiftValidator (from `https://github.com/jpotts18/SwiftValidator.git`, branch `master`)
  - XCGLogger (~> 7.0.0)
  - XLActionController (~> 5.0.1)

SPEC REPOS:
  trunk:
    - Alamofire
    - couchbase-lite-ios
    - Crashlytics
    - EmitterKit
    - Eureka
    - Fabric
    - IDZSwiftCommonCrypto
    - KeychainSwift
    - ObjcExceptionBridging
    - PromiseKit
    - ReachabilitySwift
    - ResearchKit
    - XCGLogger
    - XLActionController

EXTERNAL SOURCES:
  Hakuba:
    :branch: Swift3
    :git: https://github.com/eskizyen/Hakuba.git
  ObjectMapper:
    :branch: master
    :git: https://github.com/Hearst-DD/ObjectMapper.git
  PKHUD:
    :branch: swift4
    :git: https://github.com/pkluz/PKHUD.git
  SwiftValidator:
    :branch: master
    :git: https://github.com/jpotts18/SwiftValidator.git

CHECKOUT OPTIONS:
  Hakuba:
    :commit: 9d748747369671e162b4f088402eacbfa997121a
    :git: https://github.com/eskizyen/Hakuba.git
  ObjectMapper:
    :commit: d6b394807d5b1309e124dbc297348a3acf1604f1
    :git: https://github.com/Hearst-DD/ObjectMapper.git
  PKHUD:
    :commit: 4d8fbf70ae912dd72280cde0a5c1440ada9a7306
    :git: https://github.com/pkluz/PKHUD.git
  SwiftValidator:
    :commit: d370353b7a0ce758a53b189c81e485dcd53c99a4
    :git: https://github.com/jpotts18/SwiftValidator.git

SPEC CHECKSUMS:
  Alamofire: 85e8a02c69d6020a0d734f6054870d7ecb75cf18
  couchbase-lite-ios: 6b586fca2c8a59c85e31df89a2528c92c40fc4dc
  Crashlytics: 540b7e5f5da5a042647227a5e3ac51d85eed06df
  EmitterKit: e7a27b37118823d8ad413b8396f75e40d59f8cba
  Eureka: 820a761c700f6eaab3b60758f138e0d9b99072b3
  Fabric: 706c8b8098fff96c33c0db69cbf81f9c551d0d74
  Hakuba: bc5a0422290d086c33a6424a26dd58c1a1136e94
  IDZSwiftCommonCrypto: 00dd37cdfbd149312a7e5a582cf9909f8b129f44
  KeychainSwift: be9554c0e5f4b1686c775930dc5c6bd9396992ed
  ObjcExceptionBridging: c30e00eb3700467e695faeea30e26e18bd445001
  ObjectMapper: b53ae947d370bf89423e86be7d4e2d2b2a8d3f40
  PKHUD: 351011b853e6b942e7ee8ad335864cc84c787241
  PromiseKit: 28fda91c973cc377875d8c0ea4f973013c05b6db
  ReachabilitySwift: f5b9bb30a0777fac8f09ce8b067e32faeb29bb64
  ResearchKit: a5770681dd61afddd3d1f24d232b9abf00cba454
  SwiftValidator: 249b6b3ae3b294266c5b9de134d94f18f2d5aa47
  XCGLogger: 1943831ef907df55108b0b18657953f868de973b
  XLActionController: f1f2226d2c6629db197d4a41f2da907085a4cb9d

PODFILE CHECKSUM: fedc7d4ac80f74c19b8a4e5bde809c6d21494f8f

COCOAPODS: 1.9.1
