PODS:
  - Alamofire (4.9.1)
  - couchbase-lite-ios (1.4.4):
    - couchbase-lite-ios/SQLite (= 1.4.4)
  - couchbase-lite-ios/SQLite (1.4.4)
  - Crashlytics (3.14.0):
    - Fabric (~> 1.10.2)
  - EmitterKit (5.2.2)
  - Eureka (5.3.4)
  - Fabric (1.10.2)
  - Firebase/Analytics (6.34.0):
    - Firebase/Core
  - Firebase/Core (6.34.0):
    - Firebase/CoreOnly
    - FirebaseAnalytics (= 6.9.0)
  - Firebase/CoreOnly (6.34.0):
    - FirebaseCore (= 6.10.4)
  - Firebase/Messaging (6.34.0):
    - Firebase/CoreOnly
    - FirebaseMessaging (~> 4.7.1)
  - FirebaseAnalytics (6.9.0):
    - FirebaseCore (~> 6.10)
    - FirebaseInstallations (~> 1.7)
    - GoogleAppMeasurement (= 6.9.0)
    - GoogleUtilities/AppDelegateSwizzler (~> 6.7)
    - GoogleUtilities/MethodSwizzler (~> 6.7)
    - GoogleUtilities/Network (~> 6.7)
    - "GoogleUtilities/NSData+zlib (~> 6.7)"
    - nanopb (~> 1.30906.0)
  - FirebaseCore (6.10.4):
    - FirebaseCoreDiagnostics (~> 1.6)
    - GoogleUtilities/Environment (~> 6.7)
    - GoogleUtilities/Logger (~> 6.7)
  - FirebaseCoreDiagnostics (1.7.0):
    - GoogleDataTransport (~> 7.4)
    - GoogleUtilities/Environment (~> 6.7)
    - GoogleUtilities/Logger (~> 6.7)
    - nanopb (~> 1.30906.0)
  - FirebaseInstallations (1.7.0):
    - FirebaseCore (~> 6.10)
    - GoogleUtilities/Environment (~> 6.7)
    - GoogleUtilities/UserDefaults (~> 6.7)
    - PromisesObjC (~> 1.2)
  - FirebaseInstanceID (4.8.0):
    - FirebaseCore (~> 6.10)
    - FirebaseInstallations (~> 1.6)
    - GoogleUtilities/Environment (~> 6.7)
    - GoogleUtilities/UserDefaults (~> 6.7)
  - FirebaseMessaging (4.7.1):
    - FirebaseCore (~> 6.10)
    - FirebaseInstanceID (~> 4.7)
    - GoogleUtilities/AppDelegateSwizzler (~> 6.7)
    - GoogleUtilities/Environment (~> 6.7)
    - GoogleUtilities/Reachability (~> 6.7)
    - GoogleUtilities/UserDefaults (~> 6.7)
    - Protobuf (>= 3.9.2, ~> 3.9)
  - GoogleAppMeasurement (6.9.0):
    - GoogleUtilities/AppDelegateSwizzler (~> 6.7)
    - GoogleUtilities/MethodSwizzler (~> 6.7)
    - GoogleUtilities/Network (~> 6.7)
    - "GoogleUtilities/NSData+zlib (~> 6.7)"
    - nanopb (~> 1.30906.0)
  - GoogleDataTransport (7.5.1):
    - nanopb (~> 1.30906.0)
  - GoogleUtilities/AppDelegateSwizzler (6.7.2):
    - GoogleUtilities/Environment
    - GoogleUtilities/Logger
    - GoogleUtilities/Network
  - GoogleUtilities/Environment (6.7.2):
    - PromisesObjC (~> 1.2)
  - GoogleUtilities/Logger (6.7.2):
    - GoogleUtilities/Environment
  - GoogleUtilities/MethodSwizzler (6.7.2):
    - GoogleUtilities/Logger
  - GoogleUtilities/Network (6.7.2):
    - GoogleUtilities/Logger
    - "GoogleUtilities/NSData+zlib"
    - GoogleUtilities/Reachability
  - "GoogleUtilities/NSData+zlib (6.7.2)"
  - GoogleUtilities/Reachability (6.7.2):
    - GoogleUtilities/Logger
  - GoogleUtilities/UserDefaults (6.7.2):
    - GoogleUtilities/Logger
  - Hakuba (2.1.1)
  - IDZSwiftCommonCrypto (0.13.0)
  - KeychainSwift (8.0.3)
  - nanopb (1.30906.0):
    - nanopb/decode (= 1.30906.0)
    - nanopb/encode (= 1.30906.0)
  - nanopb/decode (1.30906.0)
  - nanopb/encode (1.30906.0)
  - ObjcExceptionBridging (1.0.1):
    - ObjcExceptionBridging/ObjcExceptionBridging (= 1.0.1)
  - ObjcExceptionBridging/ObjcExceptionBridging (1.0.1)
  - ObjectMapper (4.2.0)
  - PKHUD (4.2.3)
  - PromiseKit (6.15.3):
    - PromiseKit/CorePromise (= 6.15.3)
    - PromiseKit/Foundation (= 6.15.3)
    - PromiseKit/UIKit (= 6.15.3)
  - PromiseKit/CorePromise (6.15.3)
  - PromiseKit/Foundation (6.15.3):
    - PromiseKit/CorePromise
  - PromiseKit/UIKit (6.15.3):
    - PromiseKit/CorePromise
  - PromisesObjC (1.2.12)
  - Protobuf (3.19.1)
  - ReachabilitySwift (3)
  - ResearchKit (2.1.0-beta)
  - Sentry (4.5.0):
    - Sentry/Core (= 4.5.0)
  - Sentry/Core (4.5.0)
  - SwiftValidator (4.0.0)
  - XCGLogger (7.0.1):
    - XCGLogger/Core (= 7.0.1)
  - XCGLogger/Core (7.0.1):
    - ObjcExceptionBridging
  - XLActionController (5.0.2):
    - XLActionController/Core (= 5.0.2)
  - XLActionController/Core (5.0.2)

DEPENDENCIES:
  - Alamofire (~> 4.5)
  - couchbase-lite-ios
  - Crashlytics (~> 3.4)
  - EmitterKit (~> 5.1)
  - Eureka
  - Firebase/Analytics
  - Firebase/Messaging (~> 6)
  - Hakuba (from `https://github.com/eskizyen/Hakuba.git`, branch `Swift3`)
  - IDZSwiftCommonCrypto (~> 0.13.0)
  - KeychainSwift (~> 8.0)
  - ObjectMapper (from `https://github.com/Hearst-DD/ObjectMapper.git`, branch `master`)
  - PKHUD (from `https://github.com/pkluz/PKHUD.git`, branch `release/swift4`)
  - PromiseKit (~> 6)
  - ReachabilitySwift (~> 3)
  - ResearchKit (from `https://github.com/ResearchKit/ResearchKit.git`, commit `b50e1d7`)
  - Sentry (from `https://github.com/getsentry/sentry-cocoa.git`, tag `4.5.0`)
  - SwiftValidator (from `https://github.com/jpotts18/SwiftValidator.git`, branch `master`)
  - XCGLogger (~> 7.0.0)
  - XLActionController (~> 5.0.1)

SPEC REPOS:
  trunk:
    - Alamofire
    - couchbase-lite-ios
    - Crashlytics
    - EmitterKit
    - Eureka
    - Fabric
    - Firebase
    - FirebaseAnalytics
    - FirebaseCore
    - FirebaseCoreDiagnostics
    - FirebaseInstallations
    - FirebaseInstanceID
    - FirebaseMessaging
    - GoogleAppMeasurement
    - GoogleDataTransport
    - GoogleUtilities
    - IDZSwiftCommonCrypto
    - KeychainSwift
    - nanopb
    - ObjcExceptionBridging
    - PromiseKit
    - PromisesObjC
    - Protobuf
    - ReachabilitySwift
    - XCGLogger
    - XLActionController

EXTERNAL SOURCES:
  Hakuba:
    :branch: Swift3
    :git: https://github.com/eskizyen/Hakuba.git
  ObjectMapper:
    :branch: master
    :git: https://github.com/Hearst-DD/ObjectMapper.git
  PKHUD:
    :branch: release/swift4
    :git: https://github.com/pkluz/PKHUD.git
  ResearchKit:
    :commit: b50e1d7
    :git: https://github.com/ResearchKit/ResearchKit.git
  Sentry:
    :git: https://github.com/getsentry/sentry-cocoa.git
    :tag: 4.5.0
  SwiftValidator:
    :branch: master
    :git: https://github.com/jpotts18/SwiftValidator.git

CHECKOUT OPTIONS:
  Hakuba:
    :commit: 9d748747369671e162b4f088402eacbfa997121a
    :git: https://github.com/eskizyen/Hakuba.git
  ObjectMapper:
    :commit: a593b4d647a970b3d184d046f8f52b945083ccf9
    :git: https://github.com/Hearst-DD/ObjectMapper.git
  PKHUD:
    :commit: 4d8fbf70ae912dd72280cde0a5c1440ada9a7306
    :git: https://github.com/pkluz/PKHUD.git
  ResearchKit:
    :commit: b50e1d7
    :git: https://github.com/ResearchKit/ResearchKit.git
  Sentry:
    :git: https://github.com/getsentry/sentry-cocoa.git
    :tag: 4.5.0
  SwiftValidator:
    :commit: d370353b7a0ce758a53b189c81e485dcd53c99a4
    :git: https://github.com/jpotts18/SwiftValidator.git

SPEC CHECKSUMS:
  Alamofire: 85e8a02c69d6020a0d734f6054870d7ecb75cf18
  couchbase-lite-ios: 6b586fca2c8a59c85e31df89a2528c92c40fc4dc
  Crashlytics: 9220f5bc89e7a618df411b4f639389dbfb0e03d2
  EmitterKit: e7a27b37118823d8ad413b8396f75e40d59f8cba
  Eureka: 60cf058f86a8fb3ed26165ba5292b9850361b0a6
  Fabric: ea977e3cd9c20425516d3dafd3bf8c941c51223f
  Firebase: c23a36d9e4cdf7877dfcba8dd0c58add66358999
  FirebaseAnalytics: 3bb096873ee0d7fa4b6c70f5e9166b6da413cc7f
  FirebaseCore: d3a978a3cfa3240bf7e4ba7d137fdf5b22b628ec
  FirebaseCoreDiagnostics: 770ac5958e1372ce67959ae4b4f31d8e127c3ac1
  FirebaseInstallations: 466c7b4d1f58fe16707693091da253726a731ed2
  FirebaseInstanceID: bd3ffc24367f901a43c063b36c640b345a4a5dd1
  FirebaseMessaging: 5eca4ef173de76253352511aafef774caa1cba2a
  GoogleAppMeasurement: a6a3a066369828db64eda428cb2856dc1cdc7c4e
  GoogleDataTransport: f56af7caa4ed338dc8e138a5d7c5973e66440833
  GoogleUtilities: 7f2f5a07f888cdb145101d6042bc4422f57e70b3
  Hakuba: bc5a0422290d086c33a6424a26dd58c1a1136e94
  IDZSwiftCommonCrypto: 00dd37cdfbd149312a7e5a582cf9909f8b129f44
  KeychainSwift: be9554c0e5f4b1686c775930dc5c6bd9396992ed
  nanopb: 59317e09cf1f1a0af72f12af412d54edf52603fc
  ObjcExceptionBridging: c30e00eb3700467e695faeea30e26e18bd445001
  ObjectMapper: 5a6c9f063ef67e7fc0d7eb8958919e3121396a96
  PKHUD: 351011b853e6b942e7ee8ad335864cc84c787241
  PromiseKit: 3b2b6995e51a954c46dbc550ce3da44fbfb563c5
  PromisesObjC: 3113f7f76903778cf4a0586bd1ab89329a0b7b97
  Protobuf: 3724efa50cb2846d7ccebc8691c574e85fd74471
  ReachabilitySwift: f5b9bb30a0777fac8f09ce8b067e32faeb29bb64
  ResearchKit: b948fcbadd4454d6b835d2b64471980a467a96a7
  Sentry: ab6c209f23700d1460691dbc90e19ed0a05d496b
  SwiftValidator: 249b6b3ae3b294266c5b9de134d94f18f2d5aa47
  XCGLogger: 1943831ef907df55108b0b18657953f868de973b
  XLActionController: f1f2226d2c6629db197d4a41f2da907085a4cb9d

PODFILE CHECKSUM: 85b1f2fdba5d4215327efc6039d3cc14e84a1f95

COCOAPODS: 1.11.2
